<?xml version="1.0" encoding="utf-8"?>
<Project ToolsVersion="16.0" xmlns="http://schemas.microsoft.com/developer/msbuild/2003">
  <ItemGroup>
    <CustomBuild Include="G:\dev\libsneedio\audeo\CMakeFiles\d60839eb1ead3179d5cdce694904f114\generate.stamp.rule">
      <Filter>CMake Rules</Filter>
    </CustomBuild>
  </ItemGroup>
  <ItemGroup>
    <Filter Include="CMake Rules">
      <UniqueIdentifier>{7AFED8F3-35A0-3322-AEFA-DCFCA501DC89}</UniqueIdentifier>
    </Filter>
  </ItemGroup>
</Project>
