
Microsoft Visual Studio Solution File, Format Version 12.00
# Visual Studio Version 16
VisualStudioVersion = 16.0.30907.101
MinimumVisualStudioVersion = 10.0.40219.1
Project("{8BC9CEB8-8B4A-11D0-8D11-00A0C91BC942}") = "libsneedio", "libsneedio\libsneedio.vcxproj", "{2E65B481-DB04-4EBB-91C8-FCC92E2C89C1}"
EndProject
Project("{8BC9CEB8-8B4A-11D0-8D11-00A0C91BC942}") = "lua", "lua\lua.vcxproj", "{741AAC00-B3F3-487C-8AF3-75469CA22929}"
EndProject
Project("{8BC9CEB8-8B4A-11D0-8D11-00A0C91BC942}") = "audeo", "audeo\audeo.vcxproj", "{7A87B67C-3A28-3936-A1C3-08B463ECCB99}"
EndProject
Project("{8BC9CEB8-8B4A-11D0-8D11-00A0C91BC942}") = "SDL2_mixer", "external\sdl-mixer\VisualC\SDL_mixer.vcxproj", "{F7E944B3-0815-40CD-B3E4-90B2A15B0E33}"
EndProject
Project("{8BC9CEB8-8B4A-11D0-8D11-00A0C91BC942}") = "SDL2", "external\sdl\VisualC\SDL\SDL.vcxproj", "{81CE8DAF-EBB2-4761-8E45-B71ABCCA8C68}"
EndProject
Project("{8BC9CEB8-8B4A-11D0-8D11-00A0C91BC942}") = "timidity", "external\sdl-mixer\VisualC\timidity\timidity.vcxproj", "{B162B6F1-E876-4D5F-A1F6-E3A6DC2F4A2C}"
EndProject
Project("{8BC9CEB8-8B4A-11D0-8D11-00A0C91BC942}") = "native_midi", "external\sdl-mixer\VisualC\native_midi\native_midi.vcxproj", "{EBDA67CA-4A23-4F22-BFBC-B8DBE0580D4F}"
EndProject
Global
	GlobalSection(SolutionConfigurationPlatforms) = preSolution
		Debug|x64 = Debug|x64
		Debug|x86 = Debug|x86
		MinSizeRel|x64 = MinSizeRel|x64
		MinSizeRel|x86 = MinSizeRel|x86
		Release|x64 = Release|x64
		Release|x86 = Release|x86
		RelWithDebInfo|x64 = RelWithDebInfo|x64
		RelWithDebInfo|x86 = RelWithDebInfo|x86
	EndGlobalSection
	GlobalSection(ProjectConfigurationPlatforms) = postSolution
		{2E65B481-DB04-4EBB-91C8-FCC92E2C89C1}.Debug|x64.ActiveCfg = Debug|x64
		{2E65B481-DB04-4EBB-91C8-FCC92E2C89C1}.Debug|x64.Build.0 = Debug|x64
		{2E65B481-DB04-4EBB-91C8-FCC92E2C89C1}.Debug|x86.ActiveCfg = Debug|x64
		{2E65B481-DB04-4EBB-91C8-FCC92E2C89C1}.Debug|x86.Build.0 = Debug|x64
		{2E65B481-DB04-4EBB-91C8-FCC92E2C89C1}.MinSizeRel|x64.ActiveCfg = Release|x64
		{2E65B481-DB04-4EBB-91C8-FCC92E2C89C1}.MinSizeRel|x64.Build.0 = Release|x64
		{2E65B481-DB04-4EBB-91C8-FCC92E2C89C1}.MinSizeRel|x86.ActiveCfg = Debug|Win32
		{2E65B481-DB04-4EBB-91C8-FCC92E2C89C1}.MinSizeRel|x86.Build.0 = Debug|Win32
		{2E65B481-DB04-4EBB-91C8-FCC92E2C89C1}.Release|x64.ActiveCfg = Release|x64
		{2E65B481-DB04-4EBB-91C8-FCC92E2C89C1}.Release|x64.Build.0 = Release|x64
		{2E65B481-DB04-4EBB-91C8-FCC92E2C89C1}.Release|x86.ActiveCfg = Release|Win32
		{2E65B481-DB04-4EBB-91C8-FCC92E2C89C1}.Release|x86.Build.0 = Release|Win32
		{2E65B481-DB04-4EBB-91C8-FCC92E2C89C1}.RelWithDebInfo|x64.ActiveCfg = Release|x64
		{2E65B481-DB04-4EBB-91C8-FCC92E2C89C1}.RelWithDebInfo|x64.Build.0 = Release|x64
		{2E65B481-DB04-4EBB-91C8-FCC92E2C89C1}.RelWithDebInfo|x86.ActiveCfg = Release|Win32
		{2E65B481-DB04-4EBB-91C8-FCC92E2C89C1}.RelWithDebInfo|x86.Build.0 = Release|Win32
		{741AAC00-B3F3-487C-8AF3-75469CA22929}.Debug|x64.ActiveCfg = Debug|x64
		{741AAC00-B3F3-487C-8AF3-75469CA22929}.Debug|x64.Build.0 = Debug|x64
		{741AAC00-B3F3-487C-8AF3-75469CA22929}.Debug|x86.ActiveCfg = Debug|Win32
		{741AAC00-B3F3-487C-8AF3-75469CA22929}.Debug|x86.Build.0 = Debug|Win32
		{741AAC00-B3F3-487C-8AF3-75469CA22929}.MinSizeRel|x64.ActiveCfg = Release|x64
		{741AAC00-B3F3-487C-8AF3-75469CA22929}.MinSizeRel|x64.Build.0 = Release|x64
		{741AAC00-B3F3-487C-8AF3-75469CA22929}.MinSizeRel|x86.ActiveCfg = Release|Win32
		{741AAC00-B3F3-487C-8AF3-75469CA22929}.MinSizeRel|x86.Build.0 = Release|Win32
		{741AAC00-B3F3-487C-8AF3-75469CA22929}.Release|x64.ActiveCfg = Release|x64
		{741AAC00-B3F3-487C-8AF3-75469CA22929}.Release|x64.Build.0 = Release|x64
		{741AAC00-B3F3-487C-8AF3-75469CA22929}.Release|x86.ActiveCfg = Release|Win32
		{741AAC00-B3F3-487C-8AF3-75469CA22929}.Release|x86.Build.0 = Release|Win32
		{741AAC00-B3F3-487C-8AF3-75469CA22929}.RelWithDebInfo|x64.ActiveCfg = Release|x64
		{741AAC00-B3F3-487C-8AF3-75469CA22929}.RelWithDebInfo|x64.Build.0 = Release|x64
		{741AAC00-B3F3-487C-8AF3-75469CA22929}.RelWithDebInfo|x86.ActiveCfg = Release|Win32
		{741AAC00-B3F3-487C-8AF3-75469CA22929}.RelWithDebInfo|x86.Build.0 = Release|Win32
		{7A87B67C-3A28-3936-A1C3-08B463ECCB99}.Debug|x64.ActiveCfg = Debug|x64
		{7A87B67C-3A28-3936-A1C3-08B463ECCB99}.Debug|x64.Build.0 = Debug|x64
		{7A87B67C-3A28-3936-A1C3-08B463ECCB99}.Debug|x86.ActiveCfg = Debug|x64
		{7A87B67C-3A28-3936-A1C3-08B463ECCB99}.MinSizeRel|x64.ActiveCfg = MinSizeRel|x64
		{7A87B67C-3A28-3936-A1C3-08B463ECCB99}.MinSizeRel|x64.Build.0 = MinSizeRel|x64
		{7A87B67C-3A28-3936-A1C3-08B463ECCB99}.MinSizeRel|x86.ActiveCfg = MinSizeRel|x64
		{7A87B67C-3A28-3936-A1C3-08B463ECCB99}.Release|x64.ActiveCfg = Release|x64
		{7A87B67C-3A28-3936-A1C3-08B463ECCB99}.Release|x64.Build.0 = Release|x64
		{7A87B67C-3A28-3936-A1C3-08B463ECCB99}.Release|x86.ActiveCfg = Release|x64
		{7A87B67C-3A28-3936-A1C3-08B463ECCB99}.RelWithDebInfo|x64.ActiveCfg = RelWithDebInfo|x64
		{7A87B67C-3A28-3936-A1C3-08B463ECCB99}.RelWithDebInfo|x64.Build.0 = RelWithDebInfo|x64
		{7A87B67C-3A28-3936-A1C3-08B463ECCB99}.RelWithDebInfo|x86.ActiveCfg = RelWithDebInfo|x64
		{F7E944B3-0815-40CD-B3E4-90B2A15B0E33}.Debug|x64.ActiveCfg = Debug|x64
		{F7E944B3-0815-40CD-B3E4-90B2A15B0E33}.Debug|x64.Build.0 = Debug|x64
		{F7E944B3-0815-40CD-B3E4-90B2A15B0E33}.Debug|x86.ActiveCfg = Debug|Win32
		{F7E944B3-0815-40CD-B3E4-90B2A15B0E33}.Debug|x86.Build.0 = Debug|Win32
		{F7E944B3-0815-40CD-B3E4-90B2A15B0E33}.MinSizeRel|x64.ActiveCfg = Debug|x64
		{F7E944B3-0815-40CD-B3E4-90B2A15B0E33}.MinSizeRel|x64.Build.0 = Debug|x64
		{F7E944B3-0815-40CD-B3E4-90B2A15B0E33}.MinSizeRel|x86.ActiveCfg = Debug|Win32
		{F7E944B3-0815-40CD-B3E4-90B2A15B0E33}.MinSizeRel|x86.Build.0 = Debug|Win32
		{F7E944B3-0815-40CD-B3E4-90B2A15B0E33}.Release|x64.ActiveCfg = Release|x64
		{F7E944B3-0815-40CD-B3E4-90B2A15B0E33}.Release|x64.Build.0 = Release|x64
		{F7E944B3-0815-40CD-B3E4-90B2A15B0E33}.Release|x86.ActiveCfg = Release|Win32
		{F7E944B3-0815-40CD-B3E4-90B2A15B0E33}.Release|x86.Build.0 = Release|Win32
		{F7E944B3-0815-40CD-B3E4-90B2A15B0E33}.RelWithDebInfo|x64.ActiveCfg = Release|x64
		{F7E944B3-0815-40CD-B3E4-90B2A15B0E33}.RelWithDebInfo|x64.Build.0 = Release|x64
		{F7E944B3-0815-40CD-B3E4-90B2A15B0E33}.RelWithDebInfo|x86.ActiveCfg = Release|Win32
		{F7E944B3-0815-40CD-B3E4-90B2A15B0E33}.RelWithDebInfo|x86.Build.0 = Release|Win32
		{81CE8DAF-EBB2-4761-8E45-B71ABCCA8C68}.Debug|x64.ActiveCfg = Debug|x64
		{81CE8DAF-EBB2-4761-8E45-B71ABCCA8C68}.Debug|x64.Build.0 = Debug|x64
		{81CE8DAF-EBB2-4761-8E45-B71ABCCA8C68}.Debug|x86.ActiveCfg = Debug|Win32
		{81CE8DAF-EBB2-4761-8E45-B71ABCCA8C68}.Debug|x86.Build.0 = Debug|Win32
		{81CE8DAF-EBB2-4761-8E45-B71ABCCA8C68}.MinSizeRel|x64.ActiveCfg = Debug|x64
		{81CE8DAF-EBB2-4761-8E45-B71ABCCA8C68}.MinSizeRel|x64.Build.0 = Debug|x64
		{81CE8DAF-EBB2-4761-8E45-B71ABCCA8C68}.MinSizeRel|x86.ActiveCfg = Debug|Win32
		{81CE8DAF-EBB2-4761-8E45-B71ABCCA8C68}.MinSizeRel|x86.Build.0 = Debug|Win32
		{81CE8DAF-EBB2-4761-8E45-B71ABCCA8C68}.Release|x64.ActiveCfg = Release|x64
		{81CE8DAF-EBB2-4761-8E45-B71ABCCA8C68}.Release|x64.Build.0 = Release|x64
		{81CE8DAF-EBB2-4761-8E45-B71ABCCA8C68}.Release|x86.ActiveCfg = Release|Win32
		{81CE8DAF-EBB2-4761-8E45-B71ABCCA8C68}.Release|x86.Build.0 = Release|Win32
		{81CE8DAF-EBB2-4761-8E45-B71ABCCA8C68}.RelWithDebInfo|x64.ActiveCfg = Release|x64
		{81CE8DAF-EBB2-4761-8E45-B71ABCCA8C68}.RelWithDebInfo|x64.Build.0 = Release|x64
		{81CE8DAF-EBB2-4761-8E45-B71ABCCA8C68}.RelWithDebInfo|x86.ActiveCfg = Release|Win32
		{81CE8DAF-EBB2-4761-8E45-B71ABCCA8C68}.RelWithDebInfo|x86.Build.0 = Release|Win32
		{B162B6F1-E876-4D5F-A1F6-E3A6DC2F4A2C}.Debug|x64.ActiveCfg = Debug|x64
		{B162B6F1-E876-4D5F-A1F6-E3A6DC2F4A2C}.Debug|x64.Build.0 = Debug|x64
		{B162B6F1-E876-4D5F-A1F6-E3A6DC2F4A2C}.Debug|x86.ActiveCfg = Debug|Win32
		{B162B6F1-E876-4D5F-A1F6-E3A6DC2F4A2C}.Debug|x86.Build.0 = Debug|Win32
		{B162B6F1-E876-4D5F-A1F6-E3A6DC2F4A2C}.MinSizeRel|x64.ActiveCfg = Debug|x64
		{B162B6F1-E876-4D5F-A1F6-E3A6DC2F4A2C}.MinSizeRel|x64.Build.0 = Debug|x64
		{B162B6F1-E876-4D5F-A1F6-E3A6DC2F4A2C}.MinSizeRel|x86.ActiveCfg = Debug|Win32
		{B162B6F1-E876-4D5F-A1F6-E3A6DC2F4A2C}.MinSizeRel|x86.Build.0 = Debug|Win32
		{B162B6F1-E876-4D5F-A1F6-E3A6DC2F4A2C}.Release|x64.ActiveCfg = Release|x64
		{B162B6F1-E876-4D5F-A1F6-E3A6DC2F4A2C}.Release|x64.Build.0 = Release|x64
		{B162B6F1-E876-4D5F-A1F6-E3A6DC2F4A2C}.Release|x86.ActiveCfg = Release|Win32
		{B162B6F1-E876-4D5F-A1F6-E3A6DC2F4A2C}.Release|x86.Build.0 = Release|Win32
		{B162B6F1-E876-4D5F-A1F6-E3A6DC2F4A2C}.RelWithDebInfo|x64.ActiveCfg = Release|x64
		{B162B6F1-E876-4D5F-A1F6-E3A6DC2F4A2C}.RelWithDebInfo|x64.Build.0 = Release|x64
		{B162B6F1-E876-4D5F-A1F6-E3A6DC2F4A2C}.RelWithDebInfo|x86.ActiveCfg = Release|Win32
		{B162B6F1-E876-4D5F-A1F6-E3A6DC2F4A2C}.RelWithDebInfo|x86.Build.0 = Release|Win32
		{EBDA67CA-4A23-4F22-BFBC-B8DBE0580D4F}.Debug|x64.ActiveCfg = Debug|x64
		{EBDA67CA-4A23-4F22-BFBC-B8DBE0580D4F}.Debug|x64.Build.0 = Debug|x64
		{EBDA67CA-4A23-4F22-BFBC-B8DBE0580D4F}.Debug|x86.ActiveCfg = Debug|Win32
		{EBDA67CA-4A23-4F22-BFBC-B8DBE0580D4F}.Debug|x86.Build.0 = Debug|Win32
		{EBDA67CA-4A23-4F22-BFBC-B8DBE0580D4F}.MinSizeRel|x64.ActiveCfg = Debug|x64
		{EBDA67CA-4A23-4F22-BFBC-B8DBE0580D4F}.MinSizeRel|x64.Build.0 = Debug|x64
		{EBDA67CA-4A23-4F22-BFBC-B8DBE0580D4F}.MinSizeRel|x86.ActiveCfg = Debug|Win32
		{EBDA67CA-4A23-4F22-BFBC-B8DBE0580D4F}.MinSizeRel|x86.Build.0 = Debug|Win32
		{EBDA67CA-4A23-4F22-BFBC-B8DBE0580D4F}.Release|x64.ActiveCfg = Release|x64
		{EBDA67CA-4A23-4F22-BFBC-B8DBE0580D4F}.Release|x64.Build.0 = Release|x64
		{EBDA67CA-4A23-4F22-BFBC-B8DBE0580D4F}.Release|x86.ActiveCfg = Release|Win32
		{EBDA67CA-4A23-4F22-BFBC-B8DBE0580D4F}.Release|x86.Build.0 = Release|Win32
		{EBDA67CA-4A23-4F22-BFBC-B8DBE0580D4F}.RelWithDebInfo|x64.ActiveCfg = Release|x64
		{EBDA67CA-4A23-4F22-BFBC-B8DBE0580D4F}.RelWithDebInfo|x64.Build.0 = Release|x64
		{EBDA67CA-4A23-4F22-BFBC-B8DBE0580D4F}.RelWithDebInfo|x86.ActiveCfg = Release|Win32
		{EBDA67CA-4A23-4F22-BFBC-B8DBE0580D4F}.RelWithDebInfo|x86.Build.0 = Release|Win32
	EndGlobalSection
	GlobalSection(SolutionProperties) = preSolution
		HideSolutionNode = FALSE
	EndGlobalSection
	GlobalSection(ExtensibilityGlobals) = postSolution
		SolutionGuid = {DF5EE1D6-29DC-4187-A9E1-26DCAF695EE8}
	EndGlobalSection
EndGlobal
